Microsoft Visual Studio Solution File, Format Version 12.00
# Visual Studio Version 17
VisualStudioVersion = 17.8.34503.101
MinimumVisualStudioVersion = 10.0.40219.1
Project("{9A19103F-16F7-4668-BE54-9A1E7A4F7556}") = "HR.Api", "src\Api\HR.Api.csproj", "{76FE16AE-B4FA-431E-9CD3-A29AFAF8663E}"
EndProject
Project("{9A19103F-16F7-4668-BE54-9A1E7A4F7556}") = "HR.Application", "src\Application\HR.Application.csproj", "{97B107D4-2F52-437B-B85F-0B246D3C52A4}"
EndProject
Project("{9A19103F-16F7-4668-BE54-9A1E7A4F7556}") = "HR.Domain", "src\Domain\HR.Domain.csproj", "{A134BB21-9A9E-47E8-8712-533BD0AEA578}"
EndProject
Project("{9A19103F-16F7-4668-BE54-9A1E7A4F7556}") = "HR.Infrastructure", "src\Infrastructure\HR.Infrastructure.csproj", "{DF8F3A13-A476-4B3F-9614-5E463998DFFC}"
EndProject
Project("{9A19103F-16F7-4668-BE54-9A1E7A4F7556}") = "HR.UnitTests", "tests\UnitTests\HR.UnitTests.csproj", "{41EEF7E3-C140-41B2-91D2-D8D94E43A860}"
EndProject
Project("{9A19103F-16F7-4668-BE54-9A1E7A4F7556}") = "HR.Api.IntegrationTests", "tests\ApiTests\HR.Api.IntegrationTests.csproj", "{39CB8348-7C6C-46AA-85E2-02987DCA516C}"
EndProject
Global
	GlobalSection(SolutionConfigurationPlatforms) = preSolution
		Debug|Any CPU = Debug|Any CPU
		Release|Any CPU = Release|Any CPU
	EndGlobalSection
	GlobalSection(ProjectConfigurationPlatforms) = postSolution
		{76FE16AE-B4FA-431E-9CD3-A29AFAF8663E}.Debug|Any CPU.ActiveCfg = Debug|Any CPU
		{76FE16AE-B4FA-431E-9CD3-A29AFAF8663E}.Debug|Any CPU.Build.0 = Debug|Any CPU
		{76FE16AE-B4FA-431E-9CD3-A29AFAF8663E}.Release|Any CPU.ActiveCfg = Release|Any CPU
		{76FE16AE-B4FA-431E-9CD3-A29AFAF8663E}.Release|Any CPU.Build.0 = Release|Any CPU
		{97B107D4-2F52-437B-B85F-0B246D3C52A4}.Debug|Any CPU.ActiveCfg = Debug|Any CPU
		{97B107D4-2F52-437B-B85F-0B246D3C52A4}.Debug|Any CPU.Build.0 = Debug|Any CPU
		{97B107D4-2F52-437B-B85F-0B246D3C52A4}.Release|Any CPU.ActiveCfg = Release|Any CPU
		{97B107D4-2F52-437B-B85F-0B246D3C52A4}.Release|Any CPU.Build.0 = Release|Any CPU
		{A134BB21-9A9E-47E8-8712-533BD0AEA578}.Debug|Any CPU.ActiveCfg = Debug|Any CPU
		{A134BB21-9A9E-47E8-8712-533BD0AEA578}.Debug|Any CPU.Build.0 = Debug|Any CPU
		{A134BB21-9A9E-47E8-8712-533BD0AEA578}.Release|Any CPU.ActiveCfg = Release|Any CPU
		{A134BB21-9A9E-47E8-8712-533BD0AEA578}.Release|Any CPU.Build.0 = Release|Any CPU
		{DF8F3A13-A476-4B3F-9614-5E463998DFFC}.Debug|Any CPU.ActiveCfg = Debug|Any CPU
		{DF8F3A13-A476-4B3F-9614-5E463998DFFC}.Debug|Any CPU.Build.0 = Debug|Any CPU
		{DF8F3A13-A476-4B3F-9614-5E463998DFFC}.Release|Any CPU.ActiveCfg = Release|Any CPU
		{DF8F3A13-A476-4B3F-9614-5E463998DFFC}.Release|Any CPU.Build.0 = Release|Any CPU
		{41EEF7E3-C140-41B2-91D2-D8D94E43A860}.Debug|Any CPU.ActiveCfg = Debug|Any CPU
		{41EEF7E3-C140-41B2-91D2-D8D94E43A860}.Debug|Any CPU.Build.0 = Debug|Any CPU
		{41EEF7E3-C140-41B2-91D2-D8D94E43A860}.Release|Any CPU.ActiveCfg = Release|Any CPU
		{41EEF7E3-C140-41B2-91D2-D8D94E43A860}.Release|Any CPU.Build.0 = Release|Any CPU
		{39CB8348-7C6C-46AA-85E2-02987DCA516C}.Debug|Any CPU.ActiveCfg = Debug|Any CPU
		{39CB8348-7C6C-46AA-85E2-02987DCA516C}.Debug|Any CPU.Build.0 = Debug|Any CPU
		{39CB8348-7C6C-46AA-85E2-02987DCA516C}.Release|Any CPU.ActiveCfg = Release|Any CPU
		{39CB8348-7C6C-46AA-85E2-02987DCA516C}.Release|Any CPU.Build.0 = Release|Any CPU
	EndGlobalSection
	GlobalSection(SolutionProperties) = preSolution
		HideSolutionNode = FALSE
	EndGlobalSection
	GlobalSection(ExtensibilityGlobals) = postSolution
		SolutionGuid = {50EC4B2E-EE7C-4F92-AD93-34651CEB7EB3}
	EndGlobalSection
EndGlobal
